// !$*UTF8*$!
{
	archiveVersion = 1;
	classes = {
	};
	objectVersion = 55;
	objects = {

/* Begin PBXBuildFile section */
		6376F3092873E59C00295182 /* AppDelegate.swift in Sources */ = {isa = PBXBuildFile; fileRef = 6376F3082873E59C00295182 /* AppDelegate.swift */; };
		6376F30B2873E59C00295182 /* SceneDelegate.swift in Sources */ = {isa = PBXBuildFile; fileRef = 6376F30A2873E59C00295182 /* SceneDelegate.swift */; };
		6376F3102873E59C00295182 /* Main.storyboard in Resources */ = {isa = PBXBuildFile; fileRef = 6376F30E2873E59C00295182 /* Main.storyboard */; };
		6376F3122873E59D00295182 /* Assets.xcassets in Resources */ = {isa = PBXBuildFile; fileRef = 6376F3112873E59D00295182 /* Assets.xcassets */; };
		6376F3152873E59D00295182 /* LaunchScreen.storyboard in Resources */ = {isa = PBXBuildFile; fileRef = 6376F3132873E59D00295182 /* LaunchScreen.storyboard */; };
		6376F3252873F86900295182 /* Home.storyboard in Resources */ = {isa = PBXBuildFile; fileRef = 6376F3242873F86900295182 /* Home.storyboard */; };
		6376F3272873F87300295182 /* Search.storyboard in Resources */ = {isa = PBXBuildFile; fileRef = 6376F3262873F87300295182 /* Search.storyboard */; };
		6376F3292873F87B00295182 /* Reels.storyboard in Resources */ = {isa = PBXBuildFile; fileRef = 6376F3282873F87B00295182 /* Reels.storyboard */; };
		6376F32B2873F88300295182 /* Shop.storyboard in Resources */ = {isa = PBXBuildFile; fileRef = 6376F32A2873F88300295182 /* Shop.storyboard */; };
		6376F32D2873F88B00295182 /* My.storyboard in Resources */ = {isa = PBXBuildFile; fileRef = 6376F32C2873F88B00295182 /* My.storyboard */; };
		63D80DF5287C576B0038D337 /* InstagramMainTableViewCell.swift in Sources */ = {isa = PBXBuildFile; fileRef = 63D80DF4287C576B0038D337 /* InstagramMainTableViewCell.swift */; };
		63D80DF7287C57B30038D337 /* HomeViewController.swift in Sources */ = {isa = PBXBuildFile; fileRef = 63D80DF6287C57B30038D337 /* HomeViewController.swift */; };
/* End PBXBuildFile section */

/* Begin PBXFileReference section */
		6376F3052873E59C00295182 /* instagramClone.app */ = {isa = PBXFileReference; explicitFileType = wrapper.application; includeInIndex = 0; path = instagramClone.app; sourceTree = BUILT_PRODUCTS_DIR; };
		6376F3082873E59C00295182 /* AppDelegate.swift */ = {isa = PBXFileReference; lastKnownFileType = sourcecode.swift; path = AppDelegate.swift; sourceTree = "<group>"; };
		6376F30A2873E59C00295182 /* SceneDelegate.swift */ = {isa = PBXFileReference; lastKnownFileType = sourcecode.swift; path = SceneDelegate.swift; sourceTree = "<group>"; };
		6376F30F2873E59C00295182 /* Base */ = {isa = PBXFileReference; lastKnownFileType = file.storyboard; name = Base; path = Base.lproj/Main.storyboard; sourceTree = "<group>"; };
		6376F3112873E59D00295182 /* Assets.xcassets */ = {isa = PBXFileReference; lastKnownFileType = folder.assetcatalog; path = Assets.xcassets; sourceTree = "<group>"; };
		6376F3142873E59D00295182 /* Base */ = {isa = PBXFileReference; lastKnownFileType = file.storyboard; name = Base; path = Base.lproj/LaunchScreen.storyboard; sourceTree = "<group>"; };
		6376F3162873E59D00295182 /* Info.plist */ = {isa = PBXFileReference; lastKnownFileType = text.plist.xml; path = Info.plist; sourceTree = "<group>"; };
		6376F3242873F86900295182 /* Home.storyboard */ = {isa = PBXFileReference; lastKnownFileType = file.storyboard; path = Home.storyboard; sourceTree = "<group>"; };
		6376F3262873F87300295182 /* Search.storyboard */ = {isa = PBXFileReference; lastKnownFileType = file.storyboard; path = Search.storyboard; sourceTree = "<group>"; };
		6376F3282873F87B00295182 /* Reels.storyboard */ = {isa = PBXFileReference; lastKnownFileType = file.storyboard; path = Reels.storyboard; sourceTree = "<group>"; };
		6376F32A2873F88300295182 /* Shop.storyboard */ = {isa = PBXFileReference; lastKnownFileType = file.storyboard; path = Shop.storyboard; sourceTree = "<group>"; };
		6376F32C2873F88B00295182 /* My.storyboard */ = {isa = PBXFileReference; lastKnownFileType = file.storyboard; path = My.storyboard; sourceTree = "<group>"; };
		63D80DF4287C576B0038D337 /* InstagramMainTableViewCell.swift */ = {isa = PBXFileReference; lastKnownFileType = sourcecode.swift; path = InstagramMainTableViewCell.swift; sourceTree = "<group>"; };
		63D80DF6287C57B30038D337 /* HomeViewController.swift */ = {isa = PBXFileReference; lastKnownFileType = sourcecode.swift; path = HomeViewController.swift; sourceTree = "<group>"; };
/* End PBXFileReference section */

/* Begin PBXFrameworksBuildPhase section */
		6376F3022873E59C00295182 /* Frameworks */ = {
			isa = PBXFrameworksBuildPhase;
			buildActionMask = 2147483647;
			files = (
			);
			runOnlyForDeploymentPostprocessing = 0;
		};
/* End PBXFrameworksBuildPhase section */

/* Begin PBXGroup section */
		6376F2FC2873E59C00295182 = {
			isa = PBXGroup;
			children = (
				6376F3072873E59C00295182 /* instagramClone */,
				6376F3062873E59C00295182 /* Products */,
			);
			sourceTree = "<group>";
		};
		6376F3062873E59C00295182 /* Products */ = {
			isa = PBXGroup;
			children = (
				6376F3052873E59C00295182 /* instagramClone.app */,
			);
			name = Products;
			sourceTree = "<group>";
		};
		6376F3072873E59C00295182 /* instagramClone */ = {
			isa = PBXGroup;
			children = (
				6376F3212873F7A800295182 /* Home */,
				6376F31F2873F77C00295182 /* Search */,
				6376F3202873F78F00295182 /* Reels */,
				6376F3222873F7BE00295182 /* Shop */,
				6376F3232873F7C600295182 /* My */,
				6376F3082873E59C00295182 /* AppDelegate.swift */,
				6376F30A2873E59C00295182 /* SceneDelegate.swift */,
				6376F30E2873E59C00295182 /* Main.storyboard */,
				6376F3112873E59D00295182 /* Assets.xcassets */,
				6376F3132873E59D00295182 /* LaunchScreen.storyboard */,
				6376F3162873E59D00295182 /* Info.plist */,
			);
			path = instagramClone;
			sourceTree = "<group>";
		};
		6376F31F2873F77C00295182 /* Search */ = {
			isa = PBXGroup;
			children = (
				6376F3262873F87300295182 /* Search.storyboard */,
			);
			path = Search;
			sourceTree = "<group>";
		};
		6376F3202873F78F00295182 /* Reels */ = {
			isa = PBXGroup;
			children = (
				6376F3282873F87B00295182 /* Reels.storyboard */,
			);
			path = Reels;
			sourceTree = "<group>";
		};
		6376F3212873F7A800295182 /* Home */ = {
			isa = PBXGroup;
			children = (
				63D80DF3287C57310038D337 /* View */,
				63D80DF6287C57B30038D337 /* HomeViewController.swift */,
			);
			path = Home;
			sourceTree = "<group>";
		};
		6376F3222873F7BE00295182 /* Shop */ = {
			isa = PBXGroup;
			children = (
				6376F32A2873F88300295182 /* Shop.storyboard */,
			);
			path = Shop;
			sourceTree = "<group>";
		};
		6376F3232873F7C600295182 /* My */ = {
			isa = PBXGroup;
			children = (
				6376F32C2873F88B00295182 /* My.storyboard */,
			);
			path = My;
			sourceTree = "<group>";
		};
		63D80DF3287C57310038D337 /* View */ = {
			isa = PBXGroup;
			children = (
				63D80DF4287C576B0038D337 /* InstagramMainTableViewCell.swift */,
				6376F3242873F86900295182 /* Home.storyboard */,
			);
			path = View;
			sourceTree = "<group>";
		};
/* End PBXGroup section */

/* Begin PBXNativeTarget section */
		6376F3042873E59C00295182 /* instagramClone */ = {
			isa = PBXNativeTarget;
			buildConfigurationList = 6376F3192873E59D00295182 /* Build configuration list for PBXNativeTarget "instagramClone" */;
			buildPhases = (
				6376F3012873E59C00295182 /* Sources */,
				6376F3022873E59C00295182 /* Frameworks */,
				6376F3032873E59C00295182 /* Resources */,
			);
			buildRules = (
			);
			dependencies = (
			);
			name = instagramClone;
			productName = instagramClone;
			productReference = 6376F3052873E59C00295182 /* instagramClone.app */;
			productType = "com.apple.product-type.application";
		};
/* End PBXNativeTarget section */

/* Begin PBXProject section */
		6376F2FD2873E59C00295182 /* Project object */ = {
			isa = PBXProject;
			attributes = {
				BuildIndependentTargetsInParallel = 1;
				LastSwiftUpdateCheck = 1340;
				LastUpgradeCheck = 1340;
				TargetAttributes = {
					6376F3042873E59C00295182 = {
						CreatedOnToolsVersion = 13.4;
					};
				};
			};
			buildConfigurationList = 6376F3002873E59C00295182 /* Build configuration list for PBXProject "instagramClone" */;
			compatibilityVersion = "Xcode 13.0";
			developmentRegion = en;
			hasScannedForEncodings = 0;
			knownRegions = (
				en,
				Base,
			);
			mainGroup = 6376F2FC2873E59C00295182;
			productRefGroup = 6376F3062873E59C00295182 /* Products */;
			projectDirPath = "";
			projectRoot = "";
			targets = (
				6376F3042873E59C00295182 /* instagramClone */,
			);
		};
/* End PBXProject section */

/* Begin PBXResourcesBuildPhase section */
		6376F3032873E59C00295182 /* Resources */ = {
			isa = PBXResourcesBuildPhase;
			buildActionMask = 2147483647;
			files = (
				6376F3152873E59D00295182 /* LaunchScreen.storyboard in Resources */,
				6376F3122873E59D00295182 /* Assets.xcassets in Resources */,
				6376F32D2873F88B00295182 /* My.storyboard in Resources */,
				6376F3102873E59C00295182 /* Main.storyboard in Resources */,
				6376F3252873F86900295182 /* Home.storyboard in Resources */,
				6376F32B2873F88300295182 /* Shop.storyboard in Resources */,
				6376F3292873F87B00295182 /* Reels.storyboard in Resources */,
				6376F3272873F87300295182 /* Search.storyboard in Resources */,
			);
			runOnlyForDeploymentPostprocessing = 0;
		};
/* End PBXResourcesBuildPhase section */

/* Begin PBXSourcesBuildPhase section */
		6376F3012873E59C00295182 /* Sources */ = {
			isa = PBXSourcesBuildPhase;
			buildActionMask = 2147483647;
			files = (
				63D80DF5287C576B0038D337 /* InstagramMainTableViewCell.swift in Sources */,
				6376F3092873E59C00295182 /* AppDelegate.swift in Sources */,
				6376F30B2873E59C00295182 /* SceneDelegate.swift in Sources */,
				63D80DF7287C57B30038D337 /* HomeViewController.swift in Sources */,
			);
			runOnlyForDeploymentPostprocessing = 0;
		};
/* End PBXSourcesBuildPhase section */

/* Begin PBXVariantGroup section */
		6376F30E2873E59C00295182 /* Main.storyboard */ = {
			isa = PBXVariantGroup;
			children = (
				6376F30F2873E59C00295182 /* Base */,
			);
			name = Main.storyboard;
			sourceTree = "<group>";
		};
		6376F3132873E59D00295182 /* LaunchScreen.storyboard */ = {
			isa = PBXVariantGroup;
			children = (
				6376F3142873E59D00295182 /* Base */,
			);
			name = LaunchScreen.storyboard;
			sourceTree = "<group>";
		};
/* End PBXVariantGroup section */

/* Begin XCBuildConfiguration section */
		6376F3172873E59D00295182 /* Debug */ = {
			isa = XCBuildConfiguration;
			buildSettings = {
				ALWAYS_SEARCH_USER_PATHS = NO;
				CLANG_ANALYZER_NONNULL = YES;
				CLANG_ANALYZER_NUMBER_OBJECT_CONVERSION = YES_AGGRESSIVE;
				CLANG_CXX_LANGUAGE_STANDARD = "gnu++17";
				CLANG_ENABLE_MODULES = YES;
				CLANG_ENABLE_OBJC_ARC = YES;
				CLANG_ENABLE_OBJC_WEAK = YES;
				CLANG_WARN_BLOCK_CAPTURE_AUTORELEASING = YES;
				CLANG_WARN_BOOL_CONVERSION = YES;
				CLANG_WARN_COMMA = YES;
				CLANG_WARN_CONSTANT_CONVERSION = YES;
				CLANG_WARN_DEPRECATED_OBJC_IMPLEMENTATIONS = YES;
				CLANG_WARN_DIRECT_OBJC_ISA_USAGE = YES_ERROR;
				CLANG_WARN_DOCUMENTATION_COMMENTS = YES;
				CLANG_WARN_EMPTY_BODY = YES;
				CLANG_WARN_ENUM_CONVERSION = YES;
				CLANG_WARN_INFINITE_RECURSION = YES;
				CLANG_WARN_INT_CONVERSION = YES;
				CLANG_WARN_NON_LITERAL_NULL_CONVERSION = YES;
				CLANG_WARN_OBJC_IMPLICIT_RETAIN_SELF = YES;
				CLANG_WARN_OBJC_LITERAL_CONVERSION = YES;
				CLANG_WARN_OBJC_ROOT_CLASS = YES_ERROR;
				CLANG_WARN_QUOTED_INCLUDE_IN_FRAMEWORK_HEADER = YES;
				CLANG_WARN_RANGE_LOOP_ANALYSIS = YES;
				CLANG_WARN_STRICT_PROTOTYPES = YES;
				CLANG_WARN_SUSPICIOUS_MOVE = YES;
				CLANG_WARN_UNGUARDED_AVAILABILITY = YES_AGGRESSIVE;
				CLANG_WARN_UNREACHABLE_CODE = YES;
				CLANG_WARN__DUPLICATE_METHOD_MATCH = YES;
				COPY_PHASE_STRIP = NO;
				DEBUG_INFORMATION_FORMAT = dwarf;
				ENABLE_STRICT_OBJC_MSGSEND = YES;
				ENABLE_TESTABILITY = YES;
				GCC_C_LANGUAGE_STANDARD = gnu11;
				GCC_DYNAMIC_NO_PIC = NO;
				GCC_NO_COMMON_BLOCKS = YES;
				GCC_OPTIMIZATION_LEVEL = 0;
				GCC_PREPROCESSOR_DEFINITIONS = (
					"DEBUG=1",
					"$(inherited)",
				);
				GCC_WARN_64_TO_32_BIT_CONVERSION = YES;
				GCC_WARN_ABOUT_RETURN_TYPE = YES_ERROR;
				GCC_WARN_UNDECLARED_SELECTOR = YES;
				GCC_WARN_UNINITIALIZED_AUTOS = YES_AGGRESSIVE;
				GCC_WARN_UNUSED_FUNCTION = YES;
				GCC_WARN_UNUSED_VARIABLE = YES;
				IPHONEOS_DEPLOYMENT_TARGET = 15.0;
				MTL_ENABLE_DEBUG_INFO = INCLUDE_SOURCE;
				MTL_FAST_MATH = YES;
				ONLY_ACTIVE_ARCH = YES;
				SDKROOT = iphoneos;
				SWIFT_ACTIVE_COMPILATION_CONDITIONS = DEBUG;
				SWIFT_OPTIMIZATION_LEVEL = "-Onone";
			};
			name = Debug;
		};
		6376F3182873E59D00295182 /* Release */ = {
			isa = XCBuildConfiguration;
			buildSettings = {
				ALWAYS_SEARCH_USER_PATHS = NO;
				CLANG_ANALYZER_NONNULL = YES;
				CLANG_ANALYZER_NUMBER_OBJECT_CONVERSION = YES_AGGRESSIVE;
				CLANG_CXX_LANGUAGE_STANDARD = "gnu++17";
				CLANG_ENABLE_MODULES = YES;
				CLANG_ENABLE_OBJC_ARC = YES;
				CLANG_ENABLE_OBJC_WEAK = YES;
				CLANG_WARN_BLOCK_CAPTURE_AUTORELEASING = YES;
				CLANG_WARN_BOOL_CONVERSION = YES;
				CLANG_WARN_COMMA = YES;
				CLANG_WARN_CONSTANT_CONVERSION = YES;
				CLANG_WARN_DEPRECATED_OBJC_IMPLEMENTATIONS = YES;
				CLANG_WARN_DIRECT_OBJC_ISA_USAGE = YES_ERROR;
				CLANG_WARN_DOCUMENTATION_COMMENTS = YES;
				CLANG_WARN_EMPTY_BODY = YES;
				CLANG_WARN_ENUM_CONVERSION = YES;
				CLANG_WARN_INFINITE_RECURSION = YES;
				CLANG_WARN_INT_CONVERSION = YES;
				CLANG_WARN_NON_LITERAL_NULL_CONVERSION = YES;
				CLANG_WARN_OBJC_IMPLICIT_RETAIN_SELF = YES;
				CLANG_WARN_OBJC_LITERAL_CONVERSION = YES;
				CLANG_WARN_OBJC_ROOT_CLASS = YES_ERROR;
				CLANG_WARN_QUOTED_INCLUDE_IN_FRAMEWORK_HEADER = YES;
				CLANG_WARN_RANGE_LOOP_ANALYSIS = YES;
				CLANG_WARN_STRICT_PROTOTYPES = YES;
				CLANG_WARN_SUSPICIOUS_MOVE = YES;
				CLANG_WARN_UNGUARDED_AVAILABILITY = YES_AGGRESSIVE;
				CLANG_WARN_UNREACHABLE_CODE = YES;
				CLANG_WARN__DUPLICATE_METHOD_MATCH = YES;
				COPY_PHASE_STRIP = NO;
				DEBUG_INFORMATION_FORMAT = "dwarf-with-dsym";
				ENABLE_NS_ASSERTIONS = NO;
				ENABLE_STRICT_OBJC_MSGSEND = YES;
				GCC_C_LANGUAGE_STANDARD = gnu11;
				GCC_NO_COMMON_BLOCKS = YES;
				GCC_WARN_64_TO_32_BIT_CONVERSION = YES;
				GCC_WARN_ABOUT_RETURN_TYPE = YES_ERROR;
				GCC_WARN_UNDECLARED_SELECTOR = YES;
				GCC_WARN_UNINITIALIZED_AUTOS = YES_AGGRESSIVE;
				GCC_WARN_UNUSED_FUNCTION = YES;
				GCC_WARN_UNUSED_VARIABLE = YES;
				IPHONEOS_DEPLOYMENT_TARGET = 15.0;
				MTL_ENABLE_DEBUG_INFO = NO;
				MTL_FAST_MATH = YES;
				SDKROOT = iphoneos;
				SWIFT_COMPILATION_MODE = wholemodule;
				SWIFT_OPTIMIZATION_LEVEL = "-O";
				VALIDATE_PRODUCT = YES;
			};
			name = Release;
		};
		6376F31A2873E59D00295182 /* Debug */ = {
			isa = XCBuildConfiguration;
			buildSettings = {
				ASSETCATALOG_COMPILER_APPICON_NAME = AppIcon;
				ASSETCATALOG_COMPILER_GLOBAL_ACCENT_COLOR_NAME = AccentColor;
				CODE_SIGN_STYLE = Automatic;
				CURRENT_PROJECT_VERSION = 1;
				GENERATE_INFOPLIST_FILE = YES;
				INFOPLIST_FILE = instagramClone/Info.plist;
				INFOPLIST_KEY_CFBundleDisplayName = "인스타그램 클론";
				INFOPLIST_KEY_UIApplicationSupportsIndirectInputEvents = YES;
				INFOPLIST_KEY_UILaunchStoryboardName = LaunchScreen;
				INFOPLIST_KEY_UIMainStoryboardFile = Main;
				INFOPLIST_KEY_UISupportedInterfaceOrientations_iPad = "UIInterfaceOrientationPortrait UIInterfaceOrientationPortraitUpsideDown UIInterfaceOrientationLandscapeLeft UIInterfaceOrientationLandscapeRight";
				INFOPLIST_KEY_UISupportedInterfaceOrientations_iPhone = UIInterfaceOrientationPortrait;
				LD_RUNPATH_SEARCH_PATHS = (
					"$(inherited)",
					"@executable_path/Frameworks",
				);
				MARKETING_VERSION = 1.0;
				PRODUCT_BUNDLE_IDENTIFIER = kr.co.hemg2.instagramClone;
				PRODUCT_NAME = "$(TARGET_NAME)";
				SWIFT_EMIT_LOC_STRINGS = YES;
				SWIFT_VERSION = 5.0;
				TARGETED_DEVICE_FAMILY = 1;
			};
			name = Debug;
		};
		6376F31B2873E59D00295182 /* Release */ = {
			isa = XCBuildConfiguration;
			buildSettings = {
				ASSETCATALOG_COMPILER_APPICON_NAME = AppIcon;
				ASSETCATALOG_COMPILER_GLOBAL_ACCENT_COLOR_NAME = AccentColor;
				CODE_SIGN_STYLE = Automatic;
				CURRENT_PROJECT_VERSION = 1;
				GENERATE_INFOPLIST_FILE = YES;
				INFOPLIST_FILE = instagramClone/Info.plist;
				INFOPLIST_KEY_CFBundleDisplayName = "인스타그램 클론";
				INFOPLIST_KEY_UIApplicationSupportsIndirectInputEvents = YES;
				INFOPLIST_KEY_UILaunchStoryboardName = LaunchScreen;
				INFOPLIST_KEY_UIMainStoryboardFile = Main;
				INFOPLIST_KEY_UISupportedInterfaceOrientations_iPad = "UIInterfaceOrientationPortrait UIInterfaceOrientationPortraitUpsideDown UIInterfaceOrientationLandscapeLeft UIInterfaceOrientationLandscapeRight";
				INFOPLIST_KEY_UISupportedInterfaceOrientations_iPhone = UIInterfaceOrientationPortrait;
				LD_RUNPATH_SEARCH_PATHS = (
					"$(inherited)",
					"@executable_path/Frameworks",
				);
				MARKETING_VERSION = 1.0;
				PRODUCT_BUNDLE_IDENTIFIER = kr.co.hemg2.instagramClone;
				PRODUCT_NAME = "$(TARGET_NAME)";
				SWIFT_EMIT_LOC_STRINGS = YES;
				SWIFT_VERSION = 5.0;
				TARGETED_DEVICE_FAMILY = 1;
			};
			name = Release;
		};
/* End XCBuildConfiguration section */

/* Begin XCConfigurationList section */
		6376F3002873E59C00295182 /* Build configuration list for PBXProject "instagramClone" */ = {
			isa = XCConfigurationList;
			buildConfigurations = (
				6376F3172873E59D00295182 /* Debug */,
				6376F3182873E59D00295182 /* Release */,
			);
			defaultConfigurationIsVisible = 0;
			defaultConfigurationName = Release;
		};
		6376F3192873E59D00295182 /* Build configuration list for PBXNativeTarget "instagramClone" */ = {
			isa = XCConfigurationList;
			buildConfigurations = (
				6376F31A2873E59D00295182 /* Debug */,
				6376F31B2873E59D00295182 /* Release */,
			);
			defaultConfigurationIsVisible = 0;
			defaultConfigurationName = Release;
		};
/* End XCConfigurationList section */
	};
	rootObject = 6376F2FD2873E59C00295182 /* Project object */;
}
